{
  "name": "map",
  "version": "1.0.0",
  "lockfileVersion": 3,
  "requires": true,
  "packages": {
    "": {
      "name": "map",
      "version": "1.0.0",
      "license": "ISC",
      "dependencies": {
        "leaflet": "^1.9.4",
        "leaflet-geometryutil": "^0.10.3"
      }
    },
    "node_modules/leaflet": {
      "version": "1.9.4",
      "resolved": "https://registry.npmjs.org/leaflet/-/leaflet-1.9.4.tgz",
      "integrity": "sha512-nxS1ynzJOmOlHp+iL3FyWqK89GtNL8U8rvlMOsQdTTssxZwCXh8N2NB3GDQOL+YR3XnWyZAxwQixURb+FA74PA==",
      "license": "BSD-2-Clause"
    },
    "node_modules/leaflet-geometryutil": {
      "version": "0.10.3",
      "resolved": "https://registry.npmjs.org/leaflet-geometryutil/-/leaflet-geometryutil-0.10.3.tgz",
      "integrity": "sha512-Qeas+KsnenE0Km/ydt8km3AqFe7kJhVwuLdbCYM2xe2epsxv5UFEaVJiagvP9fnxS8QvBNbm7DJlDA0tkKo9VA==",
      "license": "BSD-3-Clause",
      "dependencies": {
        "leaflet": "^1.6.0"
      }
    }
  }
}
